<?xml version="1.0" encoding="utf-8"?>
<Project ToolsVersion="15.0" xmlns="http://schemas.microsoft.com/developer/msbuild/2003">
  <ItemGroup>
    <CustomBuild Include="C:\Users\chris\source\repos\cpp-crypto\CMakeFiles\5bde27e3be5a39e9c3da42ea6ec10096\INSTALL_force.rule">
      <Filter>CMake Rules</Filter>
    </CustomBuild>
  </ItemGroup>
  <ItemGroup>
    <Filter Include="CMake Rules">
      <UniqueIdentifier>{8B2C2387-07BB-398F-B314-B5D92FC0D273}</UniqueIdentifier>
    </Filter>
  </ItemGroup>
</Project>
